
Microsoft Visual Studio Solution File, Format Version 12.00
# Visual Studio Version 16
VisualStudioVersion = 16.0.33529.622
MinimumVisualStudioVersion = 10.0.40219.1
Project("{FAE04EC0-301F-11D3-BF4B-00C04F79EFBC}") = "FerryTerminalApp", "WpfApp1\FerryTerminalApp.csproj", "{CDCF4A40-5A94-438C-92EA-0F71F46B3839}"
EndProject
Global
	GlobalSection(SolutionConfigurationPlatforms) = preSolution
		Debug|Any CPU = Debug|Any CPU
		Release|Any CPU = Release|Any CPU
	EndGlobalSection
	GlobalSection(ProjectConfigurationPlatforms) = postSolution
		{CDCF4A40-5A94-438C-92EA-0F71F46B3839}.Debug|Any CPU.ActiveCfg = Debug|Any CPU
		{CDCF4A40-5A94-438C-92EA-0F71F46B3839}.Debug|Any CPU.Build.0 = Debug|Any CPU
		{CDCF4A40-5A94-438C-92EA-0F71F46B3839}.Release|Any CPU.ActiveCfg = Release|Any CPU
		{CDCF4A40-5A94-438C-92EA-0F71F46B3839}.Release|Any CPU.Build.0 = Release|Any CPU
	EndGlobalSection
	GlobalSection(SolutionProperties) = preSolution
		HideSolutionNode = FALSE
	EndGlobalSection
	GlobalSection(ExtensibilityGlobals) = postSolution
		SolutionGuid = {0F9F56F9-53A7-4197-862E-3A11C86ED047}
	EndGlobalSection
EndGlobal
